// !$*UTF8*$!
{
	archiveVersion = 1;
	classes = {
	};
	objectVersion = 48;
	objects = {

/* Begin PBXBuildFile section */
		157FDC6C214B97FA0013B117 /* JWE.swift in Sources */ = {isa = PBXBuildFile; fileRef = 157FDC6B214B97FA0013B117 /* JWE.swift */; };
		15AA82DF2150ED81003E0599 /* JWE.swift in CopyFiles */ = {isa = PBXBuildFile; fileRef = 157FDC6B214B97FA0013B117 /* JWE.swift */; settings = {ATTRIBUTES = (CodeSignOnCopy, ); }; };
		15AA82E02150ED81003E0599 /* JWS.swift in CopyFiles */ = {isa = PBXBuildFile; fileRef = 680BB5C11FE9157900A877D3 /* JWS.swift */; settings = {ATTRIBUTES = (CodeSignOnCopy, ); }; };
		15AA82E12150ED81003E0599 /* KeyChain.swift in CopyFiles */ = {isa = PBXBuildFile; fileRef = 680BB5C31FE9157900A877D3 /* KeyChain.swift */; settings = {ATTRIBUTES = (CodeSignOnCopy, ); }; };
		15AA82E22150ED81003E0599 /* KeyStore.swift in CopyFiles */ = {isa = PBXBuildFile; fileRef = 680BB5C41FE9157A00A877D3 /* KeyStore.swift */; settings = {ATTRIBUTES = (CodeSignOnCopy, ); }; };
		15AA82E32150ED81003E0599 /* PemGenerator.swift in CopyFiles */ = {isa = PBXBuildFile; fileRef = 680BB5C21FE9157900A877D3 /* PemGenerator.swift */; settings = {ATTRIBUTES = (CodeSignOnCopy, ); }; };
		15AA82E42150ED81003E0599 /* Key.swift in CopyFiles */ = {isa = PBXBuildFile; fileRef = 685BBEC71FFCE1D900894040 /* Key.swift */; settings = {ATTRIBUTES = (CodeSignOnCopy, ); }; };
		15AA82E52150ED81003E0599 /* UtilExtensions.swift in CopyFiles */ = {isa = PBXBuildFile; fileRef = 68737F181FEBCC03001B32AB /* UtilExtensions.swift */; settings = {ATTRIBUTES = (CodeSignOnCopy, ); }; };
		15AA82E62150ED81003E0599 /* CryptoManager.swift in CopyFiles */ = {isa = PBXBuildFile; fileRef = 680BB5BF1FE9156700A877D3 /* CryptoManager.swift */; settings = {ATTRIBUTES = (CodeSignOnCopy, ); }; };
		15C2551B2158D7CF00C79695 /* RSA1_5.swift in Sources */ = {isa = PBXBuildFile; fileRef = 15C2551A2158D7CF00C79695 /* RSA1_5.swift */; };
		15C2551D215908C800C79695 /* AES.swift in Sources */ = {isa = PBXBuildFile; fileRef = 15C2551C215908C800C79695 /* AES.swift */; };
		15C2551F21592D1100C79695 /* HmacSha.swift in Sources */ = {isa = PBXBuildFile; fileRef = 15C2551E21592D1100C79695 /* HmacSha.swift */; };
		15ED1E232162287400F2A6F0 /* RSA_OAEP256.swift in Sources */ = {isa = PBXBuildFile; fileRef = 15ED1E222162287400F2A6F0 /* RSA_OAEP256.swift */; };
		15FA9678215D25EC00840C95 /* privateTest.pem in Resources */ = {isa = PBXBuildFile; fileRef = 15FA9676215D25EC00840C95 /* privateTest.pem */; };
		15FA967D215D2BB100840C95 /* privateTest.jwks in Resources */ = {isa = PBXBuildFile; fileRef = 15FA967C215D2BB100840C95 /* privateTest.jwks */; };
		680BB5B41FE9143C00A877D3 /* JWTswiftTests.swift in Sources */ = {isa = PBXBuildFile; fileRef = 680BB5B31FE9143C00A877D3 /* JWTswiftTests.swift */; };
		680BB5B61FE9143C00A877D3 /* JWTswift.h in Headers */ = {isa = PBXBuildFile; fileRef = 680BB5A81FE9143C00A877D3 /* JWTswift.h */; settings = {ATTRIBUTES = (Public, ); }; };
		680BB5C01FE9156700A877D3 /* CryptoManager.swift in Sources */ = {isa = PBXBuildFile; fileRef = 680BB5BF1FE9156700A877D3 /* CryptoManager.swift */; };
		680BB5C51FE9157A00A877D3 /* JWS.swift in Sources */ = {isa = PBXBuildFile; fileRef = 680BB5C11FE9157900A877D3 /* JWS.swift */; };
		680BB5C61FE9157A00A877D3 /* PemGenerator.swift in Sources */ = {isa = PBXBuildFile; fileRef = 680BB5C21FE9157900A877D3 /* PemGenerator.swift */; };
		680BB5C71FE9157A00A877D3 /* KeyChain.swift in Sources */ = {isa = PBXBuildFile; fileRef = 680BB5C31FE9157900A877D3 /* KeyChain.swift */; };
		680BB5C81FE9157A00A877D3 /* KeyStore.swift in Sources */ = {isa = PBXBuildFile; fileRef = 680BB5C41FE9157A00A877D3 /* KeyStore.swift */; };
		682190C81FE95ECA00759FA5 /* eduid_pub.jwks in Resources */ = {isa = PBXBuildFile; fileRef = 682190C41FE95EC900759FA5 /* eduid_pub.jwks */; };
		682190C91FE95ECA00759FA5 /* rsaCert.der in Resources */ = {isa = PBXBuildFile; fileRef = 682190C51FE95ECA00759FA5 /* rsaCert.der */; };
		682190CA1FE95ECA00759FA5 /* ios_priv.pem in Resources */ = {isa = PBXBuildFile; fileRef = 682190C61FE95ECA00759FA5 /* ios_priv.pem */; };
		682190CB1FE95ECA00759FA5 /* ios_priv.p12 in Resources */ = {isa = PBXBuildFile; fileRef = 682190C71FE95ECA00759FA5 /* ios_priv.p12 */; };
		682190D41FE96A8C00759FA5 /* AppDelegate.swift in Sources */ = {isa = PBXBuildFile; fileRef = 682190D31FE96A8C00759FA5 /* AppDelegate.swift */; };
		682190D61FE96A8C00759FA5 /* ViewController.swift in Sources */ = {isa = PBXBuildFile; fileRef = 682190D51FE96A8C00759FA5 /* ViewController.swift */; };
		682190D91FE96A8C00759FA5 /* Main.storyboard in Resources */ = {isa = PBXBuildFile; fileRef = 682190D71FE96A8C00759FA5 /* Main.storyboard */; };
		682190DC1FE96A8C00759FA5 /* AppTarget.xcdatamodeld in Sources */ = {isa = PBXBuildFile; fileRef = 682190DA1FE96A8C00759FA5 /* AppTarget.xcdatamodeld */; };
		682190DE1FE96A8C00759FA5 /* Assets.xcassets in Resources */ = {isa = PBXBuildFile; fileRef = 682190DD1FE96A8C00759FA5 /* Assets.xcassets */; };
		682190E11FE96A8C00759FA5 /* LaunchScreen.storyboard in Resources */ = {isa = PBXBuildFile; fileRef = 682190DF1FE96A8C00759FA5 /* LaunchScreen.storyboard */; };
		685BBEC81FFCE1D900894040 /* Key.swift in Sources */ = {isa = PBXBuildFile; fileRef = 685BBEC71FFCE1D900894040 /* Key.swift */; };
		68737F191FEBCC03001B32AB /* UtilExtensions.swift in Sources */ = {isa = PBXBuildFile; fileRef = 68737F181FEBCC03001B32AB /* UtilExtensions.swift */; };
		68DA97AE2006229800CA96B6 /* ios_priv.jwks in Resources */ = {isa = PBXBuildFile; fileRef = 68DA97AD2006229800CA96B6 /* ios_priv.jwks */; };
/* End PBXBuildFile section */

/* Begin PBXContainerItemProxy section */
		680BB5B01FE9143C00A877D3 /* PBXContainerItemProxy */ = {
			isa = PBXContainerItemProxy;
			containerPortal = 680BB59C1FE9143C00A877D3 /* Project object */;
			proxyType = 1;
			remoteGlobalIDString = 680BB5A41FE9143C00A877D3;
			remoteInfo = JWTswift;
		};
		682190BF1FE9430700759FA5 /* PBXContainerItemProxy */ = {
			isa = PBXContainerItemProxy;
			containerPortal = 680BB59C1FE9143C00A877D3 /* Project object */;
			proxyType = 1;
			remoteGlobalIDString = 682190B21FE941D300759FA5;
			remoteInfo = CommonCrypto;
		};
		682190E71FE96B0900759FA5 /* PBXContainerItemProxy */ = {
			isa = PBXContainerItemProxy;
			containerPortal = 680BB59C1FE9143C00A877D3 /* Project object */;
			proxyType = 1;
			remoteGlobalIDString = 682190D01FE96A8C00759FA5;
			remoteInfo = AppTarget;
		};
/* End PBXContainerItemProxy section */

/* Begin PBXCopyFilesBuildPhase section */
		15AA82DD2150ED37003E0599 /* CopyFiles */ = {
			isa = PBXCopyFilesBuildPhase;
			buildActionMask = 2147483647;
			dstPath = "";
			dstSubfolderSpec = 10;
			files = (
			);
			runOnlyForDeploymentPostprocessing = 0;
		};
		15AA82DE2150ED62003E0599 /* CopyFiles */ = {
			isa = PBXCopyFilesBuildPhase;
			buildActionMask = 2147483647;
			dstPath = "";
			dstSubfolderSpec = 10;
			files = (
				15AA82DF2150ED81003E0599 /* JWE.swift in CopyFiles */,
				15AA82E02150ED81003E0599 /* JWS.swift in CopyFiles */,
				15AA82E12150ED81003E0599 /* KeyChain.swift in CopyFiles */,
				15AA82E22150ED81003E0599 /* KeyStore.swift in CopyFiles */,
				15AA82E32150ED81003E0599 /* PemGenerator.swift in CopyFiles */,
				15AA82E42150ED81003E0599 /* Key.swift in CopyFiles */,
				15AA82E52150ED81003E0599 /* UtilExtensions.swift in CopyFiles */,
				15AA82E62150ED81003E0599 /* CryptoManager.swift in CopyFiles */,
			);
			runOnlyForDeploymentPostprocessing = 0;
		};
/* End PBXCopyFilesBuildPhase section */

/* Begin PBXFileReference section */
		157FDC6B214B97FA0013B117 /* JWE.swift */ = {isa = PBXFileReference; lastKnownFileType = sourcecode.swift; path = JWE.swift; sourceTree = "<group>"; };
		15C2551A2158D7CF00C79695 /* RSA1_5.swift */ = {isa = PBXFileReference; lastKnownFileType = sourcecode.swift; path = RSA1_5.swift; sourceTree = "<group>"; };
		15C2551C215908C800C79695 /* AES.swift */ = {isa = PBXFileReference; lastKnownFileType = sourcecode.swift; path = AES.swift; sourceTree = "<group>"; };
		15C2551E21592D1100C79695 /* HmacSha.swift */ = {isa = PBXFileReference; lastKnownFileType = sourcecode.swift; path = HmacSha.swift; sourceTree = "<group>"; };
		15ED1E222162287400F2A6F0 /* RSA_OAEP256.swift */ = {isa = PBXFileReference; lastKnownFileType = sourcecode.swift; path = RSA_OAEP256.swift; sourceTree = "<group>"; };
		15FA9676215D25EC00840C95 /* privateTest.pem */ = {isa = PBXFileReference; fileEncoding = 4; lastKnownFileType = text; path = privateTest.pem; sourceTree = "<group>"; };
		15FA967C215D2BB100840C95 /* privateTest.jwks */ = {isa = PBXFileReference; fileEncoding = 4; lastKnownFileType = text; path = privateTest.jwks; sourceTree = "<group>"; };
		680BB5A51FE9143C00A877D3 /* JWTswift.framework */ = {isa = PBXFileReference; explicitFileType = wrapper.framework; includeInIndex = 0; path = JWTswift.framework; sourceTree = BUILT_PRODUCTS_DIR; };
		680BB5A81FE9143C00A877D3 /* JWTswift.h */ = {isa = PBXFileReference; lastKnownFileType = sourcecode.c.h; path = JWTswift.h; sourceTree = "<group>"; };
		680BB5A91FE9143C00A877D3 /* Info.plist */ = {isa = PBXFileReference; lastKnownFileType = text.plist.xml; path = Info.plist; sourceTree = "<group>"; };
		680BB5AE1FE9143C00A877D3 /* JWTswiftTests.xctest */ = {isa = PBXFileReference; explicitFileType = wrapper.cfbundle; includeInIndex = 0; path = JWTswiftTests.xctest; sourceTree = BUILT_PRODUCTS_DIR; };
		680BB5B31FE9143C00A877D3 /* JWTswiftTests.swift */ = {isa = PBXFileReference; lastKnownFileType = sourcecode.swift; path = JWTswiftTests.swift; sourceTree = "<group>"; };
		680BB5B51FE9143C00A877D3 /* Info.plist */ = {isa = PBXFileReference; lastKnownFileType = text.plist.xml; path = Info.plist; sourceTree = "<group>"; };
		680BB5BF1FE9156700A877D3 /* CryptoManager.swift */ = {isa = PBXFileReference; fileEncoding = 4; lastKnownFileType = sourcecode.swift; path = CryptoManager.swift; sourceTree = "<group>"; };
		680BB5C11FE9157900A877D3 /* JWS.swift */ = {isa = PBXFileReference; fileEncoding = 4; lastKnownFileType = sourcecode.swift; path = JWS.swift; sourceTree = "<group>"; };
		680BB5C21FE9157900A877D3 /* PemGenerator.swift */ = {isa = PBXFileReference; fileEncoding = 4; lastKnownFileType = sourcecode.swift; path = PemGenerator.swift; sourceTree = "<group>"; };
		680BB5C31FE9157900A877D3 /* KeyChain.swift */ = {isa = PBXFileReference; fileEncoding = 4; lastKnownFileType = sourcecode.swift; path = KeyChain.swift; sourceTree = "<group>"; };
		680BB5C41FE9157A00A877D3 /* KeyStore.swift */ = {isa = PBXFileReference; fileEncoding = 4; lastKnownFileType = sourcecode.swift; path = KeyStore.swift; sourceTree = "<group>"; };
		682190B31FE941D300759FA5 /* CommonCrypto.framework */ = {isa = PBXFileReference; explicitFileType = wrapper.framework; includeInIndex = 0; path = CommonCrypto.framework; sourceTree = BUILT_PRODUCTS_DIR; };
		682190B61FE941D300759FA5 /* Info.plist */ = {isa = PBXFileReference; lastKnownFileType = text.plist.xml; path = Info.plist; sourceTree = "<group>"; };
		682190BB1FE941FC00759FA5 /* CommonCrypto.xcconfig */ = {isa = PBXFileReference; lastKnownFileType = text.xcconfig; path = CommonCrypto.xcconfig; sourceTree = "<group>"; };
		682190BC1FE9423A00759FA5 /* iphoneos.modulemap */ = {isa = PBXFileReference; lastKnownFileType = "sourcecode.module-map"; path = iphoneos.modulemap; sourceTree = "<group>"; };
		682190BD1FE9427400759FA5 /* iphonesimulator.modulemap */ = {isa = PBXFileReference; lastKnownFileType = "sourcecode.module-map"; path = iphonesimulator.modulemap; sourceTree = "<group>"; };
		682190BE1FE9429800759FA5 /* macosx.modulemap */ = {isa = PBXFileReference; lastKnownFileType = "sourcecode.module-map"; path = macosx.modulemap; sourceTree = "<group>"; };
		682190C11FE9432500759FA5 /* libcommonCrypto.dylib */ = {isa = PBXFileReference; lastKnownFileType = "compiled.mach-o.dylib"; name = libcommonCrypto.dylib; path = ../../../../../usr/lib/system/libcommonCrypto.dylib; sourceTree = "<group>"; };
		682190C41FE95EC900759FA5 /* eduid_pub.jwks */ = {isa = PBXFileReference; fileEncoding = 4; lastKnownFileType = text; path = eduid_pub.jwks; sourceTree = "<group>"; };
		682190C51FE95ECA00759FA5 /* rsaCert.der */ = {isa = PBXFileReference; lastKnownFileType = file; path = rsaCert.der; sourceTree = "<group>"; };
		682190C61FE95ECA00759FA5 /* ios_priv.pem */ = {isa = PBXFileReference; fileEncoding = 4; lastKnownFileType = text; path = ios_priv.pem; sourceTree = "<group>"; };
		682190C71FE95ECA00759FA5 /* ios_priv.p12 */ = {isa = PBXFileReference; lastKnownFileType = file; path = ios_priv.p12; sourceTree = "<group>"; };
		682190D11FE96A8C00759FA5 /* AppTarget.app */ = {isa = PBXFileReference; explicitFileType = wrapper.application; includeInIndex = 0; path = AppTarget.app; sourceTree = BUILT_PRODUCTS_DIR; };
		682190D31FE96A8C00759FA5 /* AppDelegate.swift */ = {isa = PBXFileReference; lastKnownFileType = sourcecode.swift; path = AppDelegate.swift; sourceTree = "<group>"; };
		682190D51FE96A8C00759FA5 /* ViewController.swift */ = {isa = PBXFileReference; lastKnownFileType = sourcecode.swift; path = ViewController.swift; sourceTree = "<group>"; };
		682190D81FE96A8C00759FA5 /* Base */ = {isa = PBXFileReference; lastKnownFileType = file.storyboard; name = Base; path = Base.lproj/Main.storyboard; sourceTree = "<group>"; };
		682190DB1FE96A8C00759FA5 /* AppTarget.xcdatamodel */ = {isa = PBXFileReference; lastKnownFileType = wrapper.xcdatamodel; path = AppTarget.xcdatamodel; sourceTree = "<group>"; };
		682190DD1FE96A8C00759FA5 /* Assets.xcassets */ = {isa = PBXFileReference; lastKnownFileType = folder.assetcatalog; path = Assets.xcassets; sourceTree = "<group>"; };
		682190E01FE96A8C00759FA5 /* Base */ = {isa = PBXFileReference; lastKnownFileType = file.storyboard; name = Base; path = Base.lproj/LaunchScreen.storyboard; sourceTree = "<group>"; };
		682190E21FE96A8C00759FA5 /* Info.plist */ = {isa = PBXFileReference; lastKnownFileType = text.plist.xml; path = Info.plist; sourceTree = "<group>"; };
		682190E61FE96A9600759FA5 /* AppTarget.entitlements */ = {isa = PBXFileReference; lastKnownFileType = text.plist.entitlements; path = AppTarget.entitlements; sourceTree = "<group>"; };
		685BBEC71FFCE1D900894040 /* Key.swift */ = {isa = PBXFileReference; lastKnownFileType = sourcecode.swift; path = Key.swift; sourceTree = "<group>"; };
		68737F181FEBCC03001B32AB /* UtilExtensions.swift */ = {isa = PBXFileReference; lastKnownFileType = sourcecode.swift; path = UtilExtensions.swift; sourceTree = "<group>"; };
		68DA97AD2006229800CA96B6 /* ios_priv.jwks */ = {isa = PBXFileReference; fileEncoding = 4; lastKnownFileType = text; path = ios_priv.jwks; sourceTree = "<group>"; };
/* End PBXFileReference section */

/* Begin PBXFrameworksBuildPhase section */
		680BB5A11FE9143C00A877D3 /* Frameworks */ = {
			isa = PBXFrameworksBuildPhase;
			buildActionMask = 2147483647;
			files = (
			);
			runOnlyForDeploymentPostprocessing = 0;
		};
		680BB5AB1FE9143C00A877D3 /* Frameworks */ = {
			isa = PBXFrameworksBuildPhase;
			buildActionMask = 2147483647;
			files = (
			);
			runOnlyForDeploymentPostprocessing = 0;
		};
		682190AF1FE941D300759FA5 /* Frameworks */ = {
			isa = PBXFrameworksBuildPhase;
			buildActionMask = 2147483647;
			files = (
			);
			runOnlyForDeploymentPostprocessing = 0;
		};
		682190CE1FE96A8C00759FA5 /* Frameworks */ = {
			isa = PBXFrameworksBuildPhase;
			buildActionMask = 2147483647;
			files = (
			);
			runOnlyForDeploymentPostprocessing = 0;
		};
/* End PBXFrameworksBuildPhase section */

/* Begin PBXGroup section */
		157FDC6A214B97E70013B117 /* JWE */ = {
			isa = PBXGroup;
			children = (
				157FDC6B214B97FA0013B117 /* JWE.swift */,
			);
			path = JWE;
			sourceTree = "<group>";
		};
		15C255172158D78700C79695 /* CryptoAlgorithm */ = {
			isa = PBXGroup;
			children = (
				15C2551A2158D7CF00C79695 /* RSA1_5.swift */,
				15C2551C215908C800C79695 /* AES.swift */,
				15C2551E21592D1100C79695 /* HmacSha.swift */,
				15ED1E222162287400F2A6F0 /* RSA_OAEP256.swift */,
			);
			path = CryptoAlgorithm;
			sourceTree = "<group>";
		};
		680BB59B1FE9143C00A877D3 = {
			isa = PBXGroup;
			children = (
				680BB5A71FE9143C00A877D3 /* JWTswift */,
				680BB5B21FE9143C00A877D3 /* JWTswiftTests */,
				682190B41FE941D300759FA5 /* CommonCrypto */,
				682190D21FE96A8C00759FA5 /* AppTarget */,
				680BB5A61FE9143C00A877D3 /* Products */,
				680BB5F31FE9230900A877D3 /* Frameworks */,
			);
			sourceTree = "<group>";
		};
		680BB5A61FE9143C00A877D3 /* Products */ = {
			isa = PBXGroup;
			children = (
				680BB5A51FE9143C00A877D3 /* JWTswift.framework */,
				680BB5AE1FE9143C00A877D3 /* JWTswiftTests.xctest */,
				682190B31FE941D300759FA5 /* CommonCrypto.framework */,
				682190D11FE96A8C00759FA5 /* AppTarget.app */,
			);
			name = Products;
			sourceTree = "<group>";
		};
		680BB5A71FE9143C00A877D3 /* JWTswift */ = {
			isa = PBXGroup;
			children = (
				15C255172158D78700C79695 /* CryptoAlgorithm */,
				157FDC6A214B97E70013B117 /* JWE */,
				68737F1B1FEBCD7F001B32AB /* JWS */,
				68737F1A1FEBCD4A001B32AB /* JWK */,
				68737F171FEBCBEA001B32AB /* Util */,
				680BB5A81FE9143C00A877D3 /* JWTswift.h */,
				680BB5A91FE9143C00A877D3 /* Info.plist */,
				682190CC1FE95ED200759FA5 /* TestResources */,
			);
			path = JWTswift;
			sourceTree = "<group>";
		};
		680BB5B21FE9143C00A877D3 /* JWTswiftTests */ = {
			isa = PBXGroup;
			children = (
				680BB5B31FE9143C00A877D3 /* JWTswiftTests.swift */,
				680BB5B51FE9143C00A877D3 /* Info.plist */,
			);
			path = JWTswiftTests;
			sourceTree = "<group>";
		};
		680BB5F31FE9230900A877D3 /* Frameworks */ = {
			isa = PBXGroup;
			children = (
				682190C11FE9432500759FA5 /* libcommonCrypto.dylib */,
			);
			name = Frameworks;
			sourceTree = "<group>";
		};
		682190B41FE941D300759FA5 /* CommonCrypto */ = {
			isa = PBXGroup;
			children = (
				682190B61FE941D300759FA5 /* Info.plist */,
				682190BB1FE941FC00759FA5 /* CommonCrypto.xcconfig */,
				682190BC1FE9423A00759FA5 /* iphoneos.modulemap */,
				682190BE1FE9429800759FA5 /* macosx.modulemap */,
				682190BD1FE9427400759FA5 /* iphonesimulator.modulemap */,
			);
			path = CommonCrypto;
			sourceTree = "<group>";
		};
		682190CC1FE95ED200759FA5 /* TestResources */ = {
			isa = PBXGroup;
			children = (
				682190C41FE95EC900759FA5 /* eduid_pub.jwks */,
				682190C71FE95ECA00759FA5 /* ios_priv.p12 */,
				682190C61FE95ECA00759FA5 /* ios_priv.pem */,
				68DA97AD2006229800CA96B6 /* ios_priv.jwks */,
				682190C51FE95ECA00759FA5 /* rsaCert.der */,
				15FA9676215D25EC00840C95 /* privateTest.pem */,
				15FA967C215D2BB100840C95 /* privateTest.jwks */,
			);
			path = TestResources;
			sourceTree = "<group>";
		};
		682190D21FE96A8C00759FA5 /* AppTarget */ = {
			isa = PBXGroup;
			children = (
				682190E61FE96A9600759FA5 /* AppTarget.entitlements */,
				682190D31FE96A8C00759FA5 /* AppDelegate.swift */,
				682190D51FE96A8C00759FA5 /* ViewController.swift */,
				682190D71FE96A8C00759FA5 /* Main.storyboard */,
				682190DD1FE96A8C00759FA5 /* Assets.xcassets */,
				682190DF1FE96A8C00759FA5 /* LaunchScreen.storyboard */,
				682190E21FE96A8C00759FA5 /* Info.plist */,
				682190DA1FE96A8C00759FA5 /* AppTarget.xcdatamodeld */,
			);
			path = AppTarget;
			sourceTree = "<group>";
		};
		68737F171FEBCBEA001B32AB /* Util */ = {
			isa = PBXGroup;
			children = (
				68737F181FEBCC03001B32AB /* UtilExtensions.swift */,
				680BB5BF1FE9156700A877D3 /* CryptoManager.swift */,
			);
			path = Util;
			sourceTree = "<group>";
		};
		68737F1A1FEBCD4A001B32AB /* JWK */ = {
			isa = PBXGroup;
			children = (
				680BB5C31FE9157900A877D3 /* KeyChain.swift */,
				680BB5C41FE9157A00A877D3 /* KeyStore.swift */,
				680BB5C21FE9157900A877D3 /* PemGenerator.swift */,
				685BBEC71FFCE1D900894040 /* Key.swift */,
			);
			path = JWK;
			sourceTree = "<group>";
		};
		68737F1B1FEBCD7F001B32AB /* JWS */ = {
			isa = PBXGroup;
			children = (
				680BB5C11FE9157900A877D3 /* JWS.swift */,
			);
			path = JWS;
			sourceTree = "<group>";
		};
/* End PBXGroup section */

/* Begin PBXHeadersBuildPhase section */
		680BB5A21FE9143C00A877D3 /* Headers */ = {
			isa = PBXHeadersBuildPhase;
			buildActionMask = 2147483647;
			files = (
				680BB5B61FE9143C00A877D3 /* JWTswift.h in Headers */,
			);
			runOnlyForDeploymentPostprocessing = 0;
		};
		682190B01FE941D300759FA5 /* Headers */ = {
			isa = PBXHeadersBuildPhase;
			buildActionMask = 2147483647;
			files = (
			);
			runOnlyForDeploymentPostprocessing = 0;
		};
/* End PBXHeadersBuildPhase section */

/* Begin PBXNativeTarget section */
		680BB5A41FE9143C00A877D3 /* JWTswift */ = {
			isa = PBXNativeTarget;
			buildConfigurationList = 680BB5B91FE9143C00A877D3 /* Build configuration list for PBXNativeTarget "JWTswift" */;
			buildPhases = (
				680BB5A01FE9143C00A877D3 /* Sources */,
				680BB5A11FE9143C00A877D3 /* Frameworks */,
				680BB5A21FE9143C00A877D3 /* Headers */,
				680BB5A31FE9143C00A877D3 /* Resources */,
				15AA82DD2150ED37003E0599 /* CopyFiles */,
			);
			buildRules = (
			);
			dependencies = (
				682190C01FE9430700759FA5 /* PBXTargetDependency */,
			);
			name = JWTswift;
			productName = JWTswift;
			productReference = 680BB5A51FE9143C00A877D3 /* JWTswift.framework */;
			productType = "com.apple.product-type.framework";
		};
		680BB5AD1FE9143C00A877D3 /* JWTswiftTests */ = {
			isa = PBXNativeTarget;
			buildConfigurationList = 680BB5BC1FE9143C00A877D3 /* Build configuration list for PBXNativeTarget "JWTswiftTests" */;
			buildPhases = (
				680BB5AA1FE9143C00A877D3 /* Sources */,
				680BB5AB1FE9143C00A877D3 /* Frameworks */,
				680BB5AC1FE9143C00A877D3 /* Resources */,
			);
			buildRules = (
			);
			dependencies = (
				680BB5B11FE9143C00A877D3 /* PBXTargetDependency */,
				682190E81FE96B0900759FA5 /* PBXTargetDependency */,
			);
			name = JWTswiftTests;
			productName = JWTswiftTests;
			productReference = 680BB5AE1FE9143C00A877D3 /* JWTswiftTests.xctest */;
			productType = "com.apple.product-type.bundle.unit-test";
		};
		682190B21FE941D300759FA5 /* CommonCrypto */ = {
			isa = PBXNativeTarget;
			buildConfigurationList = 682190B81FE941D300759FA5 /* Build configuration list for PBXNativeTarget "CommonCrypto" */;
			buildPhases = (
				682190AE1FE941D300759FA5 /* Sources */,
				682190AF1FE941D300759FA5 /* Frameworks */,
				682190B01FE941D300759FA5 /* Headers */,
				682190B11FE941D300759FA5 /* Resources */,
			);
			buildRules = (
			);
			dependencies = (
			);
			name = CommonCrypto;
			productName = CommonCrypto;
			productReference = 682190B31FE941D300759FA5 /* CommonCrypto.framework */;
			productType = "com.apple.product-type.framework";
		};
		682190D01FE96A8C00759FA5 /* AppTarget */ = {
			isa = PBXNativeTarget;
			buildConfigurationList = 682190E31FE96A8C00759FA5 /* Build configuration list for PBXNativeTarget "AppTarget" */;
			buildPhases = (
				682190CD1FE96A8C00759FA5 /* Sources */,
				682190CE1FE96A8C00759FA5 /* Frameworks */,
				682190CF1FE96A8C00759FA5 /* Resources */,
				15AA82DE2150ED62003E0599 /* CopyFiles */,
			);
			buildRules = (
			);
			dependencies = (
			);
			name = AppTarget;
			productName = AppTarget;
			productReference = 682190D11FE96A8C00759FA5 /* AppTarget.app */;
			productType = "com.apple.product-type.application";
		};
/* End PBXNativeTarget section */

/* Begin PBXProject section */
		680BB59C1FE9143C00A877D3 /* Project object */ = {
			isa = PBXProject;
			attributes = {
				LastSwiftUpdateCheck = 0910;
				LastUpgradeCheck = 0940;
				ORGANIZATIONNAME = "Blended Learning Center";
				TargetAttributes = {
					680BB5A41FE9143C00A877D3 = {
						CreatedOnToolsVersion = 9.1;
						LastSwiftMigration = 0910;
						ProvisioningStyle = Automatic;
					};
					680BB5AD1FE9143C00A877D3 = {
						CreatedOnToolsVersion = 9.1;
						ProvisioningStyle = Automatic;
						TestTargetID = 682190D01FE96A8C00759FA5;
					};
					682190B21FE941D300759FA5 = {
						CreatedOnToolsVersion = 9.1;
						ProvisioningStyle = Automatic;
					};
					682190D01FE96A8C00759FA5 = {
						CreatedOnToolsVersion = 9.1;
						ProvisioningStyle = Automatic;
						SystemCapabilities = {
							com.apple.Keychain = {
								enabled = 1;
							};
						};
					};
				};
			};
			buildConfigurationList = 680BB59F1FE9143C00A877D3 /* Build configuration list for PBXProject "JWTswift" */;
			compatibilityVersion = "Xcode 8.0";
			developmentRegion = en;
			hasScannedForEncodings = 0;
			knownRegions = (
				en,
				Base,
			);
			mainGroup = 680BB59B1FE9143C00A877D3;
			productRefGroup = 680BB5A61FE9143C00A877D3 /* Products */;
			projectDirPath = "";
			projectRoot = "";
			targets = (
				680BB5A41FE9143C00A877D3 /* JWTswift */,
				680BB5AD1FE9143C00A877D3 /* JWTswiftTests */,
				682190B21FE941D300759FA5 /* CommonCrypto */,
				682190D01FE96A8C00759FA5 /* AppTarget */,
			);
		};
/* End PBXProject section */

/* Begin PBXResourcesBuildPhase section */
		680BB5A31FE9143C00A877D3 /* Resources */ = {
			isa = PBXResourcesBuildPhase;
			buildActionMask = 2147483647;
			files = (
				15FA9678215D25EC00840C95 /* privateTest.pem in Resources */,
				682190CB1FE95ECA00759FA5 /* ios_priv.p12 in Resources */,
				68DA97AE2006229800CA96B6 /* ios_priv.jwks in Resources */,
				682190C91FE95ECA00759FA5 /* rsaCert.der in Resources */,
				682190C81FE95ECA00759FA5 /* eduid_pub.jwks in Resources */,
				15FA967D215D2BB100840C95 /* privateTest.jwks in Resources */,
				682190CA1FE95ECA00759FA5 /* ios_priv.pem in Resources */,
			);
			runOnlyForDeploymentPostprocessing = 0;
		};
		680BB5AC1FE9143C00A877D3 /* Resources */ = {
			isa = PBXResourcesBuildPhase;
			buildActionMask = 2147483647;
			files = (
			);
			runOnlyForDeploymentPostprocessing = 0;
		};
		682190B11FE941D300759FA5 /* Resources */ = {
			isa = PBXResourcesBuildPhase;
			buildActionMask = 2147483647;
			files = (
			);
			runOnlyForDeploymentPostprocessing = 0;
		};
		682190CF1FE96A8C00759FA5 /* Resources */ = {
			isa = PBXResourcesBuildPhase;
			buildActionMask = 2147483647;
			files = (
				682190E11FE96A8C00759FA5 /* LaunchScreen.storyboard in Resources */,
				682190DE1FE96A8C00759FA5 /* Assets.xcassets in Resources */,
				682190D91FE96A8C00759FA5 /* Main.storyboard in Resources */,
			);
			runOnlyForDeploymentPostprocessing = 0;
		};
/* End PBXResourcesBuildPhase section */

/* Begin PBXSourcesBuildPhase section */
		680BB5A01FE9143C00A877D3 /* Sources */ = {
			isa = PBXSourcesBuildPhase;
			buildActionMask = 2147483647;
			files = (
				685BBEC81FFCE1D900894040 /* Key.swift in Sources */,
				15C2551F21592D1100C79695 /* HmacSha.swift in Sources */,
				15C2551D215908C800C79695 /* AES.swift in Sources */,
				680BB5C51FE9157A00A877D3 /* JWS.swift in Sources */,
				157FDC6C214B97FA0013B117 /* JWE.swift in Sources */,
				68737F191FEBCC03001B32AB /* UtilExtensions.swift in Sources */,
				680BB5C81FE9157A00A877D3 /* KeyStore.swift in Sources */,
				15C2551B2158D7CF00C79695 /* RSA1_5.swift in Sources */,
				680BB5C71FE9157A00A877D3 /* KeyChain.swift in Sources */,
				15ED1E232162287400F2A6F0 /* RSA_OAEP256.swift in Sources */,
				680BB5C61FE9157A00A877D3 /* PemGenerator.swift in Sources */,
				680BB5C01FE9156700A877D3 /* CryptoManager.swift in Sources */,
			);
			runOnlyForDeploymentPostprocessing = 0;
		};
		680BB5AA1FE9143C00A877D3 /* Sources */ = {
			isa = PBXSourcesBuildPhase;
			buildActionMask = 2147483647;
			files = (
				680BB5B41FE9143C00A877D3 /* JWTswiftTests.swift in Sources */,
			);
			runOnlyForDeploymentPostprocessing = 0;
		};
		682190AE1FE941D300759FA5 /* Sources */ = {
			isa = PBXSourcesBuildPhase;
			buildActionMask = 2147483647;
			files = (
			);
			runOnlyForDeploymentPostprocessing = 0;
		};
		682190CD1FE96A8C00759FA5 /* Sources */ = {
			isa = PBXSourcesBuildPhase;
			buildActionMask = 2147483647;
			files = (
				682190DC1FE96A8C00759FA5 /* AppTarget.xcdatamodeld in Sources */,
				682190D61FE96A8C00759FA5 /* ViewController.swift in Sources */,
				682190D41FE96A8C00759FA5 /* AppDelegate.swift in Sources */,
			);
			runOnlyForDeploymentPostprocessing = 0;
		};
/* End PBXSourcesBuildPhase section */

/* Begin PBXTargetDependency section */
		680BB5B11FE9143C00A877D3 /* PBXTargetDependency */ = {
			isa = PBXTargetDependency;
			target = 680BB5A41FE9143C00A877D3 /* JWTswift */;
			targetProxy = 680BB5B01FE9143C00A877D3 /* PBXContainerItemProxy */;
		};
		682190C01FE9430700759FA5 /* PBXTargetDependency */ = {
			isa = PBXTargetDependency;
			target = 682190B21FE941D300759FA5 /* CommonCrypto */;
			targetProxy = 682190BF1FE9430700759FA5 /* PBXContainerItemProxy */;
		};
		682190E81FE96B0900759FA5 /* PBXTargetDependency */ = {
			isa = PBXTargetDependency;
			target = 682190D01FE96A8C00759FA5 /* AppTarget */;
			targetProxy = 682190E71FE96B0900759FA5 /* PBXContainerItemProxy */;
		};
/* End PBXTargetDependency section */

/* Begin PBXVariantGroup section */
		682190D71FE96A8C00759FA5 /* Main.storyboard */ = {
			isa = PBXVariantGroup;
			children = (
				682190D81FE96A8C00759FA5 /* Base */,
			);
			name = Main.storyboard;
			sourceTree = "<group>";
		};
		682190DF1FE96A8C00759FA5 /* LaunchScreen.storyboard */ = {
			isa = PBXVariantGroup;
			children = (
				682190E01FE96A8C00759FA5 /* Base */,
			);
			name = LaunchScreen.storyboard;
			sourceTree = "<group>";
		};
/* End PBXVariantGroup section */

/* Begin XCBuildConfiguration section */
		680BB5B71FE9143C00A877D3 /* Debug */ = {
			isa = XCBuildConfiguration;
			buildSettings = {
				ALWAYS_SEARCH_USER_PATHS = NO;
				CLANG_ANALYZER_NONNULL = YES;
				CLANG_ANALYZER_NUMBER_OBJECT_CONVERSION = YES_AGGRESSIVE;
				CLANG_CXX_LANGUAGE_STANDARD = "gnu++14";
				CLANG_CXX_LIBRARY = "libc++";
				CLANG_ENABLE_MODULES = YES;
				CLANG_ENABLE_OBJC_ARC = YES;
				CLANG_WARN_BLOCK_CAPTURE_AUTORELEASING = YES;
				CLANG_WARN_BOOL_CONVERSION = YES;
				CLANG_WARN_COMMA = YES;
				CLANG_WARN_CONSTANT_CONVERSION = YES;
				CLANG_WARN_DEPRECATED_OBJC_IMPLEMENTATIONS = YES;
				CLANG_WARN_DIRECT_OBJC_ISA_USAGE = YES_ERROR;
				CLANG_WARN_DOCUMENTATION_COMMENTS = YES;
				CLANG_WARN_EMPTY_BODY = YES;
				CLANG_WARN_ENUM_CONVERSION = YES;
				CLANG_WARN_INFINITE_RECURSION = YES;
				CLANG_WARN_INT_CONVERSION = YES;
				CLANG_WARN_NON_LITERAL_NULL_CONVERSION = YES;
				CLANG_WARN_OBJC_IMPLICIT_RETAIN_SELF = YES;
				CLANG_WARN_OBJC_LITERAL_CONVERSION = YES;
				CLANG_WARN_OBJC_ROOT_CLASS = YES_ERROR;
				CLANG_WARN_RANGE_LOOP_ANALYSIS = YES;
				CLANG_WARN_STRICT_PROTOTYPES = YES;
				CLANG_WARN_SUSPICIOUS_MOVE = YES;
				CLANG_WARN_UNGUARDED_AVAILABILITY = YES_AGGRESSIVE;
				CLANG_WARN_UNREACHABLE_CODE = YES;
				CLANG_WARN__DUPLICATE_METHOD_MATCH = YES;
				CODE_SIGN_IDENTITY = "iPhone Developer";
				COPY_PHASE_STRIP = NO;
				CURRENT_PROJECT_VERSION = 1;
				DEBUG_INFORMATION_FORMAT = dwarf;
				ENABLE_BITCODE = NO;
				ENABLE_STRICT_OBJC_MSGSEND = YES;
				ENABLE_TESTABILITY = YES;
				GCC_C_LANGUAGE_STANDARD = gnu11;
				GCC_DYNAMIC_NO_PIC = NO;
				GCC_NO_COMMON_BLOCKS = YES;
				GCC_OPTIMIZATION_LEVEL = s;
				GCC_PREPROCESSOR_DEFINITIONS = (
					"DEBUG=1",
					"$(inherited)",
				);
				GCC_WARN_64_TO_32_BIT_CONVERSION = YES;
				GCC_WARN_ABOUT_RETURN_TYPE = YES_ERROR;
				GCC_WARN_UNDECLARED_SELECTOR = YES;
				GCC_WARN_UNINITIALIZED_AUTOS = YES_AGGRESSIVE;
				GCC_WARN_UNUSED_FUNCTION = YES;
				GCC_WARN_UNUSED_VARIABLE = YES;
				IPHONEOS_DEPLOYMENT_TARGET = 10.0;
				MTL_ENABLE_DEBUG_INFO = YES;
				ONLY_ACTIVE_ARCH = YES;
				SDKROOT = iphoneos;
				SWIFT_ACTIVE_COMPILATION_CONDITIONS = DEBUG;
				SWIFT_OPTIMIZATION_LEVEL = "-O";
				SWIFT_VERSION = 4.0;
				VALID_ARCHS = "armv7 armv7s i386 arm64";
				VERSIONING_SYSTEM = "apple-generic";
				VERSION_INFO_PREFIX = "";
			};
			name = Debug;
		};
		680BB5B81FE9143C00A877D3 /* Release */ = {
			isa = XCBuildConfiguration;
			buildSettings = {
				ALWAYS_SEARCH_USER_PATHS = NO;
				CLANG_ANALYZER_NONNULL = YES;
				CLANG_ANALYZER_NUMBER_OBJECT_CONVERSION = YES_AGGRESSIVE;
				CLANG_CXX_LANGUAGE_STANDARD = "gnu++14";
				CLANG_CXX_LIBRARY = "libc++";
				CLANG_ENABLE_MODULES = YES;
				CLANG_ENABLE_OBJC_ARC = YES;
				CLANG_WARN_BLOCK_CAPTURE_AUTORELEASING = YES;
				CLANG_WARN_BOOL_CONVERSION = YES;
				CLANG_WARN_COMMA = YES;
				CLANG_WARN_CONSTANT_CONVERSION = YES;
				CLANG_WARN_DEPRECATED_OBJC_IMPLEMENTATIONS = YES;
				CLANG_WARN_DIRECT_OBJC_ISA_USAGE = YES_ERROR;
				CLANG_WARN_DOCUMENTATION_COMMENTS = YES;
				CLANG_WARN_EMPTY_BODY = YES;
				CLANG_WARN_ENUM_CONVERSION = YES;
				CLANG_WARN_INFINITE_RECURSION = YES;
				CLANG_WARN_INT_CONVERSION = YES;
				CLANG_WARN_NON_LITERAL_NULL_CONVERSION = YES;
				CLANG_WARN_OBJC_IMPLICIT_RETAIN_SELF = YES;
				CLANG_WARN_OBJC_LITERAL_CONVERSION = YES;
				CLANG_WARN_OBJC_ROOT_CLASS = YES_ERROR;
				CLANG_WARN_RANGE_LOOP_ANALYSIS = YES;
				CLANG_WARN_STRICT_PROTOTYPES = YES;
				CLANG_WARN_SUSPICIOUS_MOVE = YES;
				CLANG_WARN_UNGUARDED_AVAILABILITY = YES_AGGRESSIVE;
				CLANG_WARN_UNREACHABLE_CODE = YES;
				CLANG_WARN__DUPLICATE_METHOD_MATCH = YES;
				CODE_SIGN_IDENTITY = "iPhone Developer";
				COPY_PHASE_STRIP = NO;
				CURRENT_PROJECT_VERSION = 1;
				DEBUG_INFORMATION_FORMAT = "dwarf-with-dsym";
				ENABLE_BITCODE = NO;
				ENABLE_NS_ASSERTIONS = NO;
				ENABLE_STRICT_OBJC_MSGSEND = YES;
				GCC_C_LANGUAGE_STANDARD = gnu11;
				GCC_NO_COMMON_BLOCKS = YES;
				GCC_WARN_64_TO_32_BIT_CONVERSION = YES;
				GCC_WARN_ABOUT_RETURN_TYPE = YES_ERROR;
				GCC_WARN_UNDECLARED_SELECTOR = YES;
				GCC_WARN_UNINITIALIZED_AUTOS = YES_AGGRESSIVE;
				GCC_WARN_UNUSED_FUNCTION = YES;
				GCC_WARN_UNUSED_VARIABLE = YES;
				IPHONEOS_DEPLOYMENT_TARGET = 10.0;
				MTL_ENABLE_DEBUG_INFO = NO;
				SDKROOT = iphoneos;
				SWIFT_OPTIMIZATION_LEVEL = "-Owholemodule";
				SWIFT_VERSION = 4.0;
				VALIDATE_PRODUCT = YES;
				VALID_ARCHS = "armv7 armv7s i386 arm64";
				VERSIONING_SYSTEM = "apple-generic";
				VERSION_INFO_PREFIX = "";
			};
			name = Release;
		};
		680BB5BA1FE9143C00A877D3 /* Debug */ = {
			isa = XCBuildConfiguration;
			buildSettings = {
				CLANG_ENABLE_MODULES = YES;
				CODE_SIGN_IDENTITY = "";
				CODE_SIGN_STYLE = Automatic;
				DEFINES_MODULE = YES;
				DEVELOPMENT_TEAM = 4Q8U997468;
				DYLIB_COMPATIBILITY_VERSION = 1;
				DYLIB_CURRENT_VERSION = 1;
				DYLIB_INSTALL_NAME_BASE = "@rpath";
				ENABLE_BITCODE = YES;
				INFOPLIST_FILE = JWTswift/Info.plist;
				INSTALL_PATH = "$(LOCAL_LIBRARY_DIR)/Frameworks";
				IPHONEOS_DEPLOYMENT_TARGET = 10.0;
				LD_RUNPATH_SEARCH_PATHS = "$(inherited) @executable_path/Frameworks @loader_path/Frameworks";
				LIBRARY_SEARCH_PATHS = "$(inherited)";
				LINK_WITH_STANDARD_LIBRARIES = YES;
				ONLY_ACTIVE_ARCH = NO;
				OTHER_LDFLAGS = "";
				PRODUCT_BUNDLE_IDENTIFIER = ch.htwchur.JWTswift;
				PRODUCT_NAME = "$(TARGET_NAME:c99extidentifier)";
				SKIP_INSTALL = YES;
				SWIFT_OPTIMIZATION_LEVEL = "-Onone";
				SWIFT_VERSION = 4.0;
				TARGETED_DEVICE_FAMILY = "1,2";
			};
			name = Debug;
		};
		680BB5BB1FE9143C00A877D3 /* Release */ = {
			isa = XCBuildConfiguration;
			buildSettings = {
				CLANG_ENABLE_MODULES = YES;
				CODE_SIGN_IDENTITY = "";
				CODE_SIGN_STYLE = Automatic;
				DEFINES_MODULE = YES;
				DEVELOPMENT_TEAM = 4Q8U997468;
				DYLIB_COMPATIBILITY_VERSION = 1;
				DYLIB_CURRENT_VERSION = 1;
				DYLIB_INSTALL_NAME_BASE = "@rpath";
				ENABLE_BITCODE = YES;
				GCC_OPTIMIZATION_LEVEL = 0;
				INFOPLIST_FILE = JWTswift/Info.plist;
				INSTALL_PATH = "$(LOCAL_LIBRARY_DIR)/Frameworks";
				IPHONEOS_DEPLOYMENT_TARGET = 10.0;
				LD_RUNPATH_SEARCH_PATHS = "$(inherited) @executable_path/Frameworks @loader_path/Frameworks";
				LIBRARY_SEARCH_PATHS = "$(inherited)";
				LINK_WITH_STANDARD_LIBRARIES = YES;
				ONLY_ACTIVE_ARCH = NO;
				OTHER_LDFLAGS = "";
				PRODUCT_BUNDLE_IDENTIFIER = ch.htwchur.JWTswift;
				PRODUCT_NAME = "$(TARGET_NAME:c99extidentifier)";
				SKIP_INSTALL = YES;
				SWIFT_COMPILATION_MODE = wholemodule;
				SWIFT_OPTIMIZATION_LEVEL = "-Onone";
				SWIFT_VERSION = 4.0;
				TARGETED_DEVICE_FAMILY = "1,2";
			};
			name = Release;
		};
		680BB5BD1FE9143C00A877D3 /* Debug */ = {
			isa = XCBuildConfiguration;
			buildSettings = {
				ALWAYS_EMBED_SWIFT_STANDARD_LIBRARIES = YES;
				ARCHS = (
					"$(ARCHS_STANDARD)",
					armv7,
				);
				CODE_SIGN_STYLE = Automatic;
				DEVELOPMENT_TEAM = 4Q8U997468;
				GCC_OPTIMIZATION_LEVEL = 0;
				INFOPLIST_FILE = JWTswiftTests/Info.plist;
				LD_RUNPATH_SEARCH_PATHS = "$(inherited) @executable_path/Frameworks @loader_path/Frameworks";
				LIBRARY_SEARCH_PATHS = (
					"$(inherited)",
					/usr/lib/system,
				);
				ONLY_ACTIVE_ARCH = NO;
				PRODUCT_BUNDLE_IDENTIFIER = ch.htwchur.JWTswiftTests;
				PRODUCT_NAME = "$(TARGET_NAME)";
				SDKROOT = iphoneos11.4;
				STRIP_INSTALLED_PRODUCT = YES;
				SWIFT_OPTIMIZATION_LEVEL = "-Onone";
				SWIFT_VERSION = 4.0;
				TARGETED_DEVICE_FAMILY = "1,2";
				TEST_HOST = "$(BUILT_PRODUCTS_DIR)/AppTarget.app/AppTarget";
				VALID_ARCHS = "$(ARCHS_STANDARD) armv7s i386";
			};
			name = Debug;
		};
		680BB5BE1FE9143C00A877D3 /* Release */ = {
			isa = XCBuildConfiguration;
			buildSettings = {
				ALWAYS_EMBED_SWIFT_STANDARD_LIBRARIES = YES;
				ARCHS = (
					"$(ARCHS_STANDARD)",
					armv7,
				);
				CODE_SIGN_STYLE = Automatic;
				DEVELOPMENT_TEAM = 4Q8U997468;
				GCC_OPTIMIZATION_LEVEL = 0;
				INFOPLIST_FILE = JWTswiftTests/Info.plist;
				LD_RUNPATH_SEARCH_PATHS = "$(inherited) @executable_path/Frameworks @loader_path/Frameworks";
				LIBRARY_SEARCH_PATHS = (
					"$(inherited)",
					/usr/lib/system,
				);
				ONLY_ACTIVE_ARCH = NO;
				PRODUCT_BUNDLE_IDENTIFIER = ch.htwchur.JWTswiftTests;
				PRODUCT_NAME = "$(TARGET_NAME)";
				SDKROOT = iphoneos11.4;
				STRIP_INSTALLED_PRODUCT = YES;
				SWIFT_COMPILATION_MODE = wholemodule;
				SWIFT_OPTIMIZATION_LEVEL = "-Onone";
				SWIFT_VERSION = 4.0;
				TARGETED_DEVICE_FAMILY = "1,2";
				TEST_HOST = "$(BUILT_PRODUCTS_DIR)/AppTarget.app/AppTarget";
				VALID_ARCHS = "$(ARCHS_STANDARD) armv7s i386";
			};
			name = Release;
		};
		682190B91FE941D300759FA5 /* Debug */ = {
			isa = XCBuildConfiguration;
			baseConfigurationReference = 682190BB1FE941FC00759FA5 /* CommonCrypto.xcconfig */;
			buildSettings = {
				CODE_SIGN_IDENTITY = "";
				CODE_SIGN_STYLE = Automatic;
				DEFINES_MODULE = YES;
				DEVELOPMENT_TEAM = 4Q8U997468;
				DYLIB_COMPATIBILITY_VERSION = 1;
				DYLIB_CURRENT_VERSION = 1;
				DYLIB_INSTALL_NAME_BASE = "@rpath";
				GCC_OPTIMIZATION_LEVEL = 0;
				INFOPLIST_FILE = CommonCrypto/Info.plist;
				INSTALL_PATH = "$(LOCAL_LIBRARY_DIR)/Frameworks";
				IPHONEOS_DEPLOYMENT_TARGET = 10.0;
				LD_RUNPATH_SEARCH_PATHS = "$(inherited) @executable_path/Frameworks @loader_path/Frameworks";
				ONLY_ACTIVE_ARCH = NO;
				PRODUCT_BUNDLE_IDENTIFIER = ch.htwchur.CommonCrypto;
				PRODUCT_NAME = "$(TARGET_NAME:c99extidentifier)";
				SKIP_INSTALL = YES;
				STRIP_INSTALLED_PRODUCT = YES;
				SWIFT_VERSION = 4.0;
				TARGETED_DEVICE_FAMILY = "1,2";
			};
			name = Debug;
		};
		682190BA1FE941D300759FA5 /* Release */ = {
			isa = XCBuildConfiguration;
			baseConfigurationReference = 682190BB1FE941FC00759FA5 /* CommonCrypto.xcconfig */;
			buildSettings = {
				CODE_SIGN_IDENTITY = "";
				CODE_SIGN_STYLE = Automatic;
				DEFINES_MODULE = YES;
				DEVELOPMENT_TEAM = 4Q8U997468;
				DYLIB_COMPATIBILITY_VERSION = 1;
				DYLIB_CURRENT_VERSION = 1;
				DYLIB_INSTALL_NAME_BASE = "@rpath";
				GCC_OPTIMIZATION_LEVEL = 0;
				INFOPLIST_FILE = CommonCrypto/Info.plist;
				INSTALL_PATH = "$(LOCAL_LIBRARY_DIR)/Frameworks";
				IPHONEOS_DEPLOYMENT_TARGET = 10.0;
				LD_RUNPATH_SEARCH_PATHS = "$(inherited) @executable_path/Frameworks @loader_path/Frameworks";
				ONLY_ACTIVE_ARCH = NO;
				PRODUCT_BUNDLE_IDENTIFIER = ch.htwchur.CommonCrypto;
				PRODUCT_NAME = "$(TARGET_NAME:c99extidentifier)";
				SKIP_INSTALL = YES;
				STRIP_INSTALLED_PRODUCT = YES;
				SWIFT_VERSION = 4.0;
				TARGETED_DEVICE_FAMILY = "1,2";
			};
			name = Release;
		};
		682190E41FE96A8C00759FA5 /* Debug */ = {
			isa = XCBuildConfiguration;
			buildSettings = {
				ASSETCATALOG_COMPILER_APPICON_NAME = AppIcon;
				CODE_SIGN_ENTITLEMENTS = AppTarget/AppTarget.entitlements;
				CODE_SIGN_STYLE = Automatic;
				DEVELOPMENT_TEAM = 4Q8U997468;
				GCC_OPTIMIZATION_LEVEL = 0;
				INFOPLIST_FILE = AppTarget/Info.plist;
				IPHONEOS_DEPLOYMENT_TARGET = 10.0;
				LD_RUNPATH_SEARCH_PATHS = "$(inherited) @executable_path/Frameworks";
				ONLY_ACTIVE_ARCH = NO;
				PRODUCT_BUNDLE_IDENTIFIER = ch.htwchur.AppTarget;
				PRODUCT_NAME = "$(TARGET_NAME)";
				STRIP_INSTALLED_PRODUCT = NO;
				SWIFT_OPTIMIZATION_LEVEL = "-Onone";
				SWIFT_VERSION = 4.0;
				TARGETED_DEVICE_FAMILY = "1,2";
			};
			name = Debug;
		};
		682190E51FE96A8C00759FA5 /* Release */ = {
			isa = XCBuildConfiguration;
			buildSettings = {
				ASSETCATALOG_COMPILER_APPICON_NAME = AppIcon;
				CODE_SIGN_ENTITLEMENTS = AppTarget/AppTarget.entitlements;
				CODE_SIGN_STYLE = Automatic;
				DEVELOPMENT_TEAM = 4Q8U997468;
				GCC_OPTIMIZATION_LEVEL = 0;
				INFOPLIST_FILE = AppTarget/Info.plist;
				IPHONEOS_DEPLOYMENT_TARGET = 10.0;
				LD_RUNPATH_SEARCH_PATHS = "$(inherited) @executable_path/Frameworks";
				ONLY_ACTIVE_ARCH = NO;
				PRODUCT_BUNDLE_IDENTIFIER = ch.htwchur.AppTarget;
				PRODUCT_NAME = "$(TARGET_NAME)";
				STRIP_INSTALLED_PRODUCT = NO;
				SWIFT_COMPILATION_MODE = wholemodule;
				SWIFT_OPTIMIZATION_LEVEL = "-Onone";
				SWIFT_VERSION = 4.0;
				TARGETED_DEVICE_FAMILY = "1,2";
			};
			name = Release;
		};
/* End XCBuildConfiguration section */

/* Begin XCConfigurationList section */
		680BB59F1FE9143C00A877D3 /* Build configuration list for PBXProject "JWTswift" */ = {
			isa = XCConfigurationList;
			buildConfigurations = (
				680BB5B71FE9143C00A877D3 /* Debug */,
				680BB5B81FE9143C00A877D3 /* Release */,
			);
			defaultConfigurationIsVisible = 0;
			defaultConfigurationName = Debug;
		};
		680BB5B91FE9143C00A877D3 /* Build configuration list for PBXNativeTarget "JWTswift" */ = {
			isa = XCConfigurationList;
			buildConfigurations = (
				680BB5BA1FE9143C00A877D3 /* Debug */,
				680BB5BB1FE9143C00A877D3 /* Release */,
			);
			defaultConfigurationIsVisible = 0;
			defaultConfigurationName = Debug;
		};
		680BB5BC1FE9143C00A877D3 /* Build configuration list for PBXNativeTarget "JWTswiftTests" */ = {
			isa = XCConfigurationList;
			buildConfigurations = (
				680BB5BD1FE9143C00A877D3 /* Debug */,
				680BB5BE1FE9143C00A877D3 /* Release */,
			);
			defaultConfigurationIsVisible = 0;
			defaultConfigurationName = Debug;
		};
		682190B81FE941D300759FA5 /* Build configuration list for PBXNativeTarget "CommonCrypto" */ = {
			isa = XCConfigurationList;
			buildConfigurations = (
				682190B91FE941D300759FA5 /* Debug */,
				682190BA1FE941D300759FA5 /* Release */,
			);
			defaultConfigurationIsVisible = 0;
			defaultConfigurationName = Debug;
		};
		682190E31FE96A8C00759FA5 /* Build configuration list for PBXNativeTarget "AppTarget" */ = {
			isa = XCConfigurationList;
			buildConfigurations = (
				682190E41FE96A8C00759FA5 /* Debug */,
				682190E51FE96A8C00759FA5 /* Release */,
			);
			defaultConfigurationIsVisible = 0;
			defaultConfigurationName = Debug;
		};
/* End XCConfigurationList section */

/* Begin XCVersionGroup section */
		682190DA1FE96A8C00759FA5 /* AppTarget.xcdatamodeld */ = {
			isa = XCVersionGroup;
			children = (
				682190DB1FE96A8C00759FA5 /* AppTarget.xcdatamodel */,
			);
			currentVersion = 682190DB1FE96A8C00759FA5 /* AppTarget.xcdatamodel */;
			path = AppTarget.xcdatamodeld;
			sourceTree = "<group>";
			versionGroupType = wrapper.xcdatamodel;
		};
/* End XCVersionGroup section */
	};
	rootObject = 680BB59C1FE9143C00A877D3 /* Project object */;
}
